
Microsoft Visual Studio Solution File, Format Version 12.00
# Visual Studio Version 16
VisualStudioVersion = 16.0.30406.217
MinimumVisualStudioVersion = 10.0.40219.1
Project("{FAE04EC0-301F-11D3-BF4B-00C04F79EFBC}") = "Minecraft Launcher", "Minecraft Launcher.csproj", "{EE837494-955C-428B-8C2B-626D7DD28BCC}"
EndProject
Global
	GlobalSection(SolutionConfigurationPlatforms) = preSolution
		Debug|Any CPU = Debug|Any CPU
		Release|Any CPU = Release|Any CPU
	EndGlobalSection
	GlobalSection(ProjectConfigurationPlatforms) = postSolution
		{EE837494-955C-428B-8C2B-626D7DD28BCC}.Debug|Any CPU.ActiveCfg = Debug|Any CPU
		{EE837494-955C-428B-8C2B-626D7DD28BCC}.Debug|Any CPU.Build.0 = Debug|Any CPU
		{EE837494-955C-428B-8C2B-626D7DD28BCC}.Release|Any CPU.ActiveCfg = Release|Any CPU
		{EE837494-955C-428B-8C2B-626D7DD28BCC}.Release|Any CPU.Build.0 = Release|Any CPU
	EndGlobalSection
	GlobalSection(SolutionProperties) = preSolution
		HideSolutionNode = FALSE
	EndGlobalSection
	GlobalSection(ExtensibilityGlobals) = postSolution
		SolutionGuid = {2A49863D-D29E-46DB-B9CC-73918D22FF61}
	EndGlobalSection
EndGlobal
